// !$*UTF8*$!
{
	archiveVersion = 1;
	classes = {
	};
	objectVersion = 56;
	objects = {

/* Begin PBXBuildFile section */
		645D33E22972108C0061BC28 /* String+isValidIpAddress.swift in Sources */ = {isa = PBXBuildFile; fileRef = 645D33E12972108C0061BC28 /* String+isValidIpAddress.swift */; };
		64CEF3C5297201D90030861A /* AppDelegate.swift in Sources */ = {isa = PBXBuildFile; fileRef = 64CEF3C4297201D90030861A /* AppDelegate.swift */; };
		64CEF3C7297201D90030861A /* SceneDelegate.swift in Sources */ = {isa = PBXBuildFile; fileRef = 64CEF3C6297201D90030861A /* SceneDelegate.swift */; };
		64CEF3C9297201D90030861A /* ViewController.swift in Sources */ = {isa = PBXBuildFile; fileRef = 64CEF3C8297201D90030861A /* ViewController.swift */; };
		64CEF3CC297201D90030861A /* Main.storyboard in Resources */ = {isa = PBXBuildFile; fileRef = 64CEF3CA297201D90030861A /* Main.storyboard */; };
		64CEF3CE297201DB0030861A /* Assets.xcassets in Resources */ = {isa = PBXBuildFile; fileRef = 64CEF3CD297201DB0030861A /* Assets.xcassets */; };
		64CEF3D1297201DB0030861A /* LaunchScreen.storyboard in Resources */ = {isa = PBXBuildFile; fileRef = 64CEF3CF297201DB0030861A /* LaunchScreen.storyboard */; };
		64CEF3DC297201DB0030861A /* iosTests.swift in Sources */ = {isa = PBXBuildFile; fileRef = 64CEF3DB297201DB0030861A /* iosTests.swift */; };
		64CEF3E6297201DB0030861A /* iosUITests.swift in Sources */ = {isa = PBXBuildFile; fileRef = 64CEF3E5297201DB0030861A /* iosUITests.swift */; };
		64CEF3E8297201DB0030861A /* iosUITestsLaunchTests.swift in Sources */ = {isa = PBXBuildFile; fileRef = 64CEF3E7297201DB0030861A /* iosUITestsLaunchTests.swift */; };
		B6AAD616FD0EBF229E65EBB0 /* Pods_ios.framework in Frameworks */ = {isa = PBXBuildFile; fileRef = 7C6AD6860CB492AF247A88DD /* Pods_ios.framework */; };
		D37E6D227F1927DEF1143829 /* Pods_ios_iosUITests.framework in Frameworks */ = {isa = PBXBuildFile; fileRef = 7A2BDC73D6237DC3EEB0EE2B /* Pods_ios_iosUITests.framework */; };
		F423CE6D7C3619F525F5913D /* Pods_iosTests.framework in Frameworks */ = {isa = PBXBuildFile; fileRef = 5D1D243C7589F5423690C381 /* Pods_iosTests.framework */; };
/* End PBXBuildFile section */

/* Begin PBXContainerItemProxy section */
		64CEF3D8297201DB0030861A /* PBXContainerItemProxy */ = {
			isa = PBXContainerItemProxy;
			containerPortal = 64CEF3B9297201D90030861A /* Project object */;
			proxyType = 1;
			remoteGlobalIDString = 64CEF3C0297201D90030861A;
			remoteInfo = ios;
		};
		64CEF3E2297201DB0030861A /* PBXContainerItemProxy */ = {
			isa = PBXContainerItemProxy;
			containerPortal = 64CEF3B9297201D90030861A /* Project object */;
			proxyType = 1;
			remoteGlobalIDString = 64CEF3C0297201D90030861A;
			remoteInfo = ios;
		};
/* End PBXContainerItemProxy section */

/* Begin PBXFileReference section */
		21EFCDB59CD67C5522A18550 /* Pods-iosTests.release.xcconfig */ = {isa = PBXFileReference; includeInIndex = 1; lastKnownFileType = text.xcconfig; name = "Pods-iosTests.release.xcconfig"; path = "Target Support Files/Pods-iosTests/Pods-iosTests.release.xcconfig"; sourceTree = "<group>"; };
		296CF85C36AEE7394ECCBBA7 /* Pods-ios.release.xcconfig */ = {isa = PBXFileReference; includeInIndex = 1; lastKnownFileType = text.xcconfig; name = "Pods-ios.release.xcconfig"; path = "Target Support Files/Pods-ios/Pods-ios.release.xcconfig"; sourceTree = "<group>"; };
		5A002F231D617C27BE3B6B58 /* Pods-ios-iosUITests.debug.xcconfig */ = {isa = PBXFileReference; includeInIndex = 1; lastKnownFileType = text.xcconfig; name = "Pods-ios-iosUITests.debug.xcconfig"; path = "Target Support Files/Pods-ios-iosUITests/Pods-ios-iosUITests.debug.xcconfig"; sourceTree = "<group>"; };
		5D1D243C7589F5423690C381 /* Pods_iosTests.framework */ = {isa = PBXFileReference; explicitFileType = wrapper.framework; includeInIndex = 0; path = Pods_iosTests.framework; sourceTree = BUILT_PRODUCTS_DIR; };
		645D33E12972108C0061BC28 /* String+isValidIpAddress.swift */ = {isa = PBXFileReference; lastKnownFileType = sourcecode.swift; path = "String+isValidIpAddress.swift"; sourceTree = "<group>"; };
		64CEF3C1297201D90030861A /* ios.app */ = {isa = PBXFileReference; explicitFileType = wrapper.application; includeInIndex = 0; path = ios.app; sourceTree = BUILT_PRODUCTS_DIR; };
		64CEF3C4297201D90030861A /* AppDelegate.swift */ = {isa = PBXFileReference; lastKnownFileType = sourcecode.swift; path = AppDelegate.swift; sourceTree = "<group>"; };
		64CEF3C6297201D90030861A /* SceneDelegate.swift */ = {isa = PBXFileReference; lastKnownFileType = sourcecode.swift; path = SceneDelegate.swift; sourceTree = "<group>"; };
		64CEF3C8297201D90030861A /* ViewController.swift */ = {isa = PBXFileReference; lastKnownFileType = sourcecode.swift; path = ViewController.swift; sourceTree = "<group>"; };
		64CEF3CB297201D90030861A /* Base */ = {isa = PBXFileReference; lastKnownFileType = file.storyboard; name = Base; path = Base.lproj/Main.storyboard; sourceTree = "<group>"; };
		64CEF3CD297201DB0030861A /* Assets.xcassets */ = {isa = PBXFileReference; lastKnownFileType = folder.assetcatalog; path = Assets.xcassets; sourceTree = "<group>"; };
		64CEF3D0297201DB0030861A /* Base */ = {isa = PBXFileReference; lastKnownFileType = file.storyboard; name = Base; path = Base.lproj/LaunchScreen.storyboard; sourceTree = "<group>"; };
		64CEF3D2297201DB0030861A /* Info.plist */ = {isa = PBXFileReference; lastKnownFileType = text.plist.xml; path = Info.plist; sourceTree = "<group>"; };
		64CEF3D7297201DB0030861A /* iosTests.xctest */ = {isa = PBXFileReference; explicitFileType = wrapper.cfbundle; includeInIndex = 0; path = iosTests.xctest; sourceTree = BUILT_PRODUCTS_DIR; };
		64CEF3DB297201DB0030861A /* iosTests.swift */ = {isa = PBXFileReference; lastKnownFileType = sourcecode.swift; path = iosTests.swift; sourceTree = "<group>"; };
		64CEF3E1297201DB0030861A /* iosUITests.xctest */ = {isa = PBXFileReference; explicitFileType = wrapper.cfbundle; includeInIndex = 0; path = iosUITests.xctest; sourceTree = BUILT_PRODUCTS_DIR; };
		64CEF3E5297201DB0030861A /* iosUITests.swift */ = {isa = PBXFileReference; lastKnownFileType = sourcecode.swift; path = iosUITests.swift; sourceTree = "<group>"; };
		64CEF3E7297201DB0030861A /* iosUITestsLaunchTests.swift */ = {isa = PBXFileReference; lastKnownFileType = sourcecode.swift; path = iosUITestsLaunchTests.swift; sourceTree = "<group>"; };
		7A2BDC73D6237DC3EEB0EE2B /* Pods_ios_iosUITests.framework */ = {isa = PBXFileReference; explicitFileType = wrapper.framework; includeInIndex = 0; path = Pods_ios_iosUITests.framework; sourceTree = BUILT_PRODUCTS_DIR; };
		7C6AD6860CB492AF247A88DD /* Pods_ios.framework */ = {isa = PBXFileReference; explicitFileType = wrapper.framework; includeInIndex = 0; path = Pods_ios.framework; sourceTree = BUILT_PRODUCTS_DIR; };
		A8F4ECF7BF7B3A563ED7749C /* Pods-ios.debug.xcconfig */ = {isa = PBXFileReference; includeInIndex = 1; lastKnownFileType = text.xcconfig; name = "Pods-ios.debug.xcconfig"; path = "Target Support Files/Pods-ios/Pods-ios.debug.xcconfig"; sourceTree = "<group>"; };
		F55E0FEEB836A57DA84ABC82 /* Pods-iosTests.debug.xcconfig */ = {isa = PBXFileReference; includeInIndex = 1; lastKnownFileType = text.xcconfig; name = "Pods-iosTests.debug.xcconfig"; path = "Target Support Files/Pods-iosTests/Pods-iosTests.debug.xcconfig"; sourceTree = "<group>"; };
		FA40DD97BD3081CC5AE88E32 /* Pods-ios-iosUITests.release.xcconfig */ = {isa = PBXFileReference; includeInIndex = 1; lastKnownFileType = text.xcconfig; name = "Pods-ios-iosUITests.release.xcconfig"; path = "Target Support Files/Pods-ios-iosUITests/Pods-ios-iosUITests.release.xcconfig"; sourceTree = "<group>"; };
/* End PBXFileReference section */

/* Begin PBXFrameworksBuildPhase section */
		64CEF3BE297201D90030861A /* Frameworks */ = {
			isa = PBXFrameworksBuildPhase;
			buildActionMask = 2147483647;
			files = (
				B6AAD616FD0EBF229E65EBB0 /* Pods_ios.framework in Frameworks */,
			);
			runOnlyForDeploymentPostprocessing = 0;
		};
		64CEF3D4297201DB0030861A /* Frameworks */ = {
			isa = PBXFrameworksBuildPhase;
			buildActionMask = 2147483647;
			files = (
				F423CE6D7C3619F525F5913D /* Pods_iosTests.framework in Frameworks */,
			);
			runOnlyForDeploymentPostprocessing = 0;
		};
		64CEF3DE297201DB0030861A /* Frameworks */ = {
			isa = PBXFrameworksBuildPhase;
			buildActionMask = 2147483647;
			files = (
				D37E6D227F1927DEF1143829 /* Pods_ios_iosUITests.framework in Frameworks */,
			);
			runOnlyForDeploymentPostprocessing = 0;
		};
/* End PBXFrameworksBuildPhase section */

/* Begin PBXGroup section */
		64CEF3B8297201D90030861A = {
			isa = PBXGroup;
			children = (
				64CEF3C3297201D90030861A /* ios */,
				64CEF3DA297201DB0030861A /* iosTests */,
				64CEF3E4297201DB0030861A /* iosUITests */,
				64CEF3C2297201D90030861A /* Products */,
				D9A87E734567A75618E64EB2 /* Pods */,
				D6CEEAC7C4D278004F68555F /* Frameworks */,
			);
			sourceTree = "<group>";
		};
		64CEF3C2297201D90030861A /* Products */ = {
			isa = PBXGroup;
			children = (
				64CEF3C1297201D90030861A /* ios.app */,
				64CEF3D7297201DB0030861A /* iosTests.xctest */,
				64CEF3E1297201DB0030861A /* iosUITests.xctest */,
			);
			name = Products;
			sourceTree = "<group>";
		};
		64CEF3C3297201D90030861A /* ios */ = {
			isa = PBXGroup;
			children = (
				64CEF3C4297201D90030861A /* AppDelegate.swift */,
				64CEF3C6297201D90030861A /* SceneDelegate.swift */,
				645D33E12972108C0061BC28 /* String+isValidIpAddress.swift */,
				64CEF3C8297201D90030861A /* ViewController.swift */,
				64CEF3CA297201D90030861A /* Main.storyboard */,
				64CEF3CD297201DB0030861A /* Assets.xcassets */,
				64CEF3CF297201DB0030861A /* LaunchScreen.storyboard */,
				64CEF3D2297201DB0030861A /* Info.plist */,
			);
			path = ios;
			sourceTree = "<group>";
		};
		64CEF3DA297201DB0030861A /* iosTests */ = {
			isa = PBXGroup;
			children = (
				64CEF3DB297201DB0030861A /* iosTests.swift */,
			);
			path = iosTests;
			sourceTree = "<group>";
		};
		64CEF3E4297201DB0030861A /* iosUITests */ = {
			isa = PBXGroup;
			children = (
				64CEF3E5297201DB0030861A /* iosUITests.swift */,
				64CEF3E7297201DB0030861A /* iosUITestsLaunchTests.swift */,
			);
			path = iosUITests;
			sourceTree = "<group>";
		};
		D6CEEAC7C4D278004F68555F /* Frameworks */ = {
			isa = PBXGroup;
			children = (
				7C6AD6860CB492AF247A88DD /* Pods_ios.framework */,
				7A2BDC73D6237DC3EEB0EE2B /* Pods_ios_iosUITests.framework */,
				5D1D243C7589F5423690C381 /* Pods_iosTests.framework */,
			);
			name = Frameworks;
			sourceTree = "<group>";
		};
		D9A87E734567A75618E64EB2 /* Pods */ = {
			isa = PBXGroup;
			children = (
				A8F4ECF7BF7B3A563ED7749C /* Pods-ios.debug.xcconfig */,
				296CF85C36AEE7394ECCBBA7 /* Pods-ios.release.xcconfig */,
				5A002F231D617C27BE3B6B58 /* Pods-ios-iosUITests.debug.xcconfig */,
				FA40DD97BD3081CC5AE88E32 /* Pods-ios-iosUITests.release.xcconfig */,
				F55E0FEEB836A57DA84ABC82 /* Pods-iosTests.debug.xcconfig */,
				21EFCDB59CD67C5522A18550 /* Pods-iosTests.release.xcconfig */,
			);
			path = Pods;
			sourceTree = "<group>";
		};
/* End PBXGroup section */

/* Begin PBXNativeTarget section */
		64CEF3C0297201D90030861A /* ios */ = {
			isa = PBXNativeTarget;
			buildConfigurationList = 64CEF3EB297201DB0030861A /* Build configuration list for PBXNativeTarget "ios" */;
			buildPhases = (
				971BF1E785FD8214BFA9E536 /* [CP] Check Pods Manifest.lock */,
				64CEF3BD297201D90030861A /* Sources */,
				64CEF3BE297201D90030861A /* Frameworks */,
				64CEF3BF297201D90030861A /* Resources */,
				970B5E793858305237475F3D /* [CP] Embed Pods Frameworks */,
			);
			buildRules = (
			);
			dependencies = (
			);
			name = ios;
			productName = ios;
			productReference = 64CEF3C1297201D90030861A /* ios.app */;
			productType = "com.apple.product-type.application";
		};
		64CEF3D6297201DB0030861A /* iosTests */ = {
			isa = PBXNativeTarget;
			buildConfigurationList = 64CEF3EE297201DB0030861A /* Build configuration list for PBXNativeTarget "iosTests" */;
			buildPhases = (
				AD38D27FAB95D13A372DDCB2 /* [CP] Check Pods Manifest.lock */,
				64CEF3D3297201DB0030861A /* Sources */,
				64CEF3D4297201DB0030861A /* Frameworks */,
				64CEF3D5297201DB0030861A /* Resources */,
			);
			buildRules = (
			);
			dependencies = (
				64CEF3D9297201DB0030861A /* PBXTargetDependency */,
			);
			name = iosTests;
			productName = iosTests;
			productReference = 64CEF3D7297201DB0030861A /* iosTests.xctest */;
			productType = "com.apple.product-type.bundle.unit-test";
		};
		64CEF3E0297201DB0030861A /* iosUITests */ = {
			isa = PBXNativeTarget;
			buildConfigurationList = 64CEF3F1297201DB0030861A /* Build configuration list for PBXNativeTarget "iosUITests" */;
			buildPhases = (
				429789A8905887F6FF826A03 /* [CP] Check Pods Manifest.lock */,
				64CEF3DD297201DB0030861A /* Sources */,
				64CEF3DE297201DB0030861A /* Frameworks */,
				64CEF3DF297201DB0030861A /* Resources */,
				8A8C8192CDC64F6CE583FD2F /* [CP] Embed Pods Frameworks */,
			);
			buildRules = (
			);
			dependencies = (
				64CEF3E3297201DB0030861A /* PBXTargetDependency */,
			);
			name = iosUITests;
			productName = iosUITests;
			productReference = 64CEF3E1297201DB0030861A /* iosUITests.xctest */;
			productType = "com.apple.product-type.bundle.ui-testing";
		};
/* End PBXNativeTarget section */

/* Begin PBXProject section */
		64CEF3B9297201D90030861A /* Project object */ = {
			isa = PBXProject;
			attributes = {
				BuildIndependentTargetsInParallel = 1;
				LastSwiftUpdateCheck = 1420;
				LastUpgradeCheck = 1420;
				TargetAttributes = {
					64CEF3C0297201D90030861A = {
						CreatedOnToolsVersion = 14.2;
					};
					64CEF3D6297201DB0030861A = {
						CreatedOnToolsVersion = 14.2;
						TestTargetID = 64CEF3C0297201D90030861A;
					};
					64CEF3E0297201DB0030861A = {
						CreatedOnToolsVersion = 14.2;
						TestTargetID = 64CEF3C0297201D90030861A;
					};
				};
			};
			buildConfigurationList = 64CEF3BC297201D90030861A /* Build configuration list for PBXProject "ios" */;
			compatibilityVersion = "Xcode 14.0";
			developmentRegion = en;
			hasScannedForEncodings = 0;
			knownRegions = (
				en,
				Base,
			);
			mainGroup = 64CEF3B8297201D90030861A;
			productRefGroup = 64CEF3C2297201D90030861A /* Products */;
			projectDirPath = "";
			projectRoot = "";
			targets = (
				64CEF3C0297201D90030861A /* ios */,
				64CEF3D6297201DB0030861A /* iosTests */,
				64CEF3E0297201DB0030861A /* iosUITests */,
			);
		};
/* End PBXProject section */

/* Begin PBXResourcesBuildPhase section */
		64CEF3BF297201D90030861A /* Resources */ = {
			isa = PBXResourcesBuildPhase;
			buildActionMask = 2147483647;
			files = (
				64CEF3D1297201DB0030861A /* LaunchScreen.storyboard in Resources */,
				64CEF3CE297201DB0030861A /* Assets.xcassets in Resources */,
				64CEF3CC297201D90030861A /* Main.storyboard in Resources */,
			);
			runOnlyForDeploymentPostprocessing = 0;
		};
		64CEF3D5297201DB0030861A /* Resources */ = {
			isa = PBXResourcesBuildPhase;
			buildActionMask = 2147483647;
			files = (
			);
			runOnlyForDeploymentPostprocessing = 0;
		};
		64CEF3DF297201DB0030861A /* Resources */ = {
			isa = PBXResourcesBuildPhase;
			buildActionMask = 2147483647;
			files = (
			);
			runOnlyForDeploymentPostprocessing = 0;
		};
/* End PBXResourcesBuildPhase section */

/* Begin PBXShellScriptBuildPhase section */
		429789A8905887F6FF826A03 /* [CP] Check Pods Manifest.lock */ = {
			isa = PBXShellScriptBuildPhase;
			buildActionMask = 2147483647;
			files = (
			);
			inputFileListPaths = (
			);
			inputPaths = (
				"${PODS_PODFILE_DIR_PATH}/Podfile.lock",
				"${PODS_ROOT}/Manifest.lock",
			);
			name = "[CP] Check Pods Manifest.lock";
			outputFileListPaths = (
			);
			outputPaths = (
				"$(DERIVED_FILE_DIR)/Pods-ios-iosUITests-checkManifestLockResult.txt",
			);
			runOnlyForDeploymentPostprocessing = 0;
			shellPath = /bin/sh;
			shellScript = "diff \"${PODS_PODFILE_DIR_PATH}/Podfile.lock\" \"${PODS_ROOT}/Manifest.lock\" > /dev/null\nif [ $? != 0 ] ; then\n    # print error to STDERR\n    echo \"error: The sandbox is not in sync with the Podfile.lock. Run 'pod install' or update your CocoaPods installation.\" >&2\n    exit 1\nfi\n# This output is used by Xcode 'outputs' to avoid re-running this script phase.\necho \"SUCCESS\" > \"${SCRIPT_OUTPUT_FILE_0}\"\n";
			showEnvVarsInLog = 0;
		};
		8A8C8192CDC64F6CE583FD2F /* [CP] Embed Pods Frameworks */ = {
			isa = PBXShellScriptBuildPhase;
			buildActionMask = 2147483647;
			files = (
			);
			inputFileListPaths = (
				"${PODS_ROOT}/Target Support Files/Pods-ios-iosUITests/Pods-ios-iosUITests-frameworks-${CONFIGURATION}-input-files.xcfilelist",
			);
			name = "[CP] Embed Pods Frameworks";
			outputFileListPaths = (
				"${PODS_ROOT}/Target Support Files/Pods-ios-iosUITests/Pods-ios-iosUITests-frameworks-${CONFIGURATION}-output-files.xcfilelist",
			);
			runOnlyForDeploymentPostprocessing = 0;
			shellPath = /bin/sh;
			shellScript = "\"${PODS_ROOT}/Target Support Files/Pods-ios-iosUITests/Pods-ios-iosUITests-frameworks.sh\"\n";
			showEnvVarsInLog = 0;
		};
		970B5E793858305237475F3D /* [CP] Embed Pods Frameworks */ = {
			isa = PBXShellScriptBuildPhase;
			buildActionMask = 2147483647;
			files = (
			);
			inputFileListPaths = (
				"${PODS_ROOT}/Target Support Files/Pods-ios/Pods-ios-frameworks-${CONFIGURATION}-input-files.xcfilelist",
			);
			name = "[CP] Embed Pods Frameworks";
			outputFileListPaths = (
				"${PODS_ROOT}/Target Support Files/Pods-ios/Pods-ios-frameworks-${CONFIGURATION}-output-files.xcfilelist",
			);
			runOnlyForDeploymentPostprocessing = 0;
			shellPath = /bin/sh;
			shellScript = "\"${PODS_ROOT}/Target Support Files/Pods-ios/Pods-ios-frameworks.sh\"\n";
			showEnvVarsInLog = 0;
		};
		971BF1E785FD8214BFA9E536 /* [CP] Check Pods Manifest.lock */ = {
			isa = PBXShellScriptBuildPhase;
			buildActionMask = 2147483647;
			files = (
			);
			inputFileListPaths = (
			);
			inputPaths = (
				"${PODS_PODFILE_DIR_PATH}/Podfile.lock",
				"${PODS_ROOT}/Manifest.lock",
			);
			name = "[CP] Check Pods Manifest.lock";
			outputFileListPaths = (
			);
			outputPaths = (
				"$(DERIVED_FILE_DIR)/Pods-ios-checkManifestLockResult.txt",
			);
			runOnlyForDeploymentPostprocessing = 0;
			shellPath = /bin/sh;
			shellScript = "diff \"${PODS_PODFILE_DIR_PATH}/Podfile.lock\" \"${PODS_ROOT}/Manifest.lock\" > /dev/null\nif [ $? != 0 ] ; then\n    # print error to STDERR\n    echo \"error: The sandbox is not in sync with the Podfile.lock. Run 'pod install' or update your CocoaPods installation.\" >&2\n    exit 1\nfi\n# This output is used by Xcode 'outputs' to avoid re-running this script phase.\necho \"SUCCESS\" > \"${SCRIPT_OUTPUT_FILE_0}\"\n";
			showEnvVarsInLog = 0;
		};
		AD38D27FAB95D13A372DDCB2 /* [CP] Check Pods Manifest.lock */ = {
			isa = PBXShellScriptBuildPhase;
			buildActionMask = 2147483647;
			files = (
			);
			inputFileListPaths = (
			);
			inputPaths = (
				"${PODS_PODFILE_DIR_PATH}/Podfile.lock",
				"${PODS_ROOT}/Manifest.lock",
			);
			name = "[CP] Check Pods Manifest.lock";
			outputFileListPaths = (
			);
			outputPaths = (
				"$(DERIVED_FILE_DIR)/Pods-iosTests-checkManifestLockResult.txt",
			);
			runOnlyForDeploymentPostprocessing = 0;
			shellPath = /bin/sh;
			shellScript = "diff \"${PODS_PODFILE_DIR_PATH}/Podfile.lock\" \"${PODS_ROOT}/Manifest.lock\" > /dev/null\nif [ $? != 0 ] ; then\n    # print error to STDERR\n    echo \"error: The sandbox is not in sync with the Podfile.lock. Run 'pod install' or update your CocoaPods installation.\" >&2\n    exit 1\nfi\n# This output is used by Xcode 'outputs' to avoid re-running this script phase.\necho \"SUCCESS\" > \"${SCRIPT_OUTPUT_FILE_0}\"\n";
			showEnvVarsInLog = 0;
		};
/* End PBXShellScriptBuildPhase section */

/* Begin PBXSourcesBuildPhase section */
		64CEF3BD297201D90030861A /* Sources */ = {
			isa = PBXSourcesBuildPhase;
			buildActionMask = 2147483647;
			files = (
				64CEF3C9297201D90030861A /* ViewController.swift in Sources */,
				645D33E22972108C0061BC28 /* String+isValidIpAddress.swift in Sources */,
				64CEF3C5297201D90030861A /* AppDelegate.swift in Sources */,
				64CEF3C7297201D90030861A /* SceneDelegate.swift in Sources */,
			);
			runOnlyForDeploymentPostprocessing = 0;
		};
		64CEF3D3297201DB0030861A /* Sources */ = {
			isa = PBXSourcesBuildPhase;
			buildActionMask = 2147483647;
			files = (
				64CEF3DC297201DB0030861A /* iosTests.swift in Sources */,
			);
			runOnlyForDeploymentPostprocessing = 0;
		};
		64CEF3DD297201DB0030861A /* Sources */ = {
			isa = PBXSourcesBuildPhase;
			buildActionMask = 2147483647;
			files = (
				64CEF3E8297201DB0030861A /* iosUITestsLaunchTests.swift in Sources */,
				64CEF3E6297201DB0030861A /* iosUITests.swift in Sources */,
			);
			runOnlyForDeploymentPostprocessing = 0;
		};
/* End PBXSourcesBuildPhase section */

/* Begin PBXTargetDependency section */
		64CEF3D9297201DB0030861A /* PBXTargetDependency */ = {
			isa = PBXTargetDependency;
			target = 64CEF3C0297201D90030861A /* ios */;
			targetProxy = 64CEF3D8297201DB0030861A /* PBXContainerItemProxy */;
		};
		64CEF3E3297201DB0030861A /* PBXTargetDependency */ = {
			isa = PBXTargetDependency;
			target = 64CEF3C0297201D90030861A /* ios */;
			targetProxy = 64CEF3E2297201DB0030861A /* PBXContainerItemProxy */;
		};
/* End PBXTargetDependency section */

/* Begin PBXVariantGroup section */
		64CEF3CA297201D90030861A /* Main.storyboard */ = {
			isa = PBXVariantGroup;
			children = (
				64CEF3CB297201D90030861A /* Base */,
			);
			name = Main.storyboard;
			sourceTree = "<group>";
		};
		64CEF3CF297201DB0030861A /* LaunchScreen.storyboard */ = {
			isa = PBXVariantGroup;
			children = (
				64CEF3D0297201DB0030861A /* Base */,
			);
			name = LaunchScreen.storyboard;
			sourceTree = "<group>";
		};
/* End PBXVariantGroup section */

/* Begin XCBuildConfiguration section */
		64CEF3E9297201DB0030861A /* Debug */ = {
			isa = XCBuildConfiguration;
			buildSettings = {
				ALWAYS_SEARCH_USER_PATHS = NO;
				CLANG_ANALYZER_NONNULL = YES;
				CLANG_ANALYZER_NUMBER_OBJECT_CONVERSION = YES_AGGRESSIVE;
				CLANG_CXX_LANGUAGE_STANDARD = "gnu++20";
				CLANG_ENABLE_MODULES = YES;
				CLANG_ENABLE_OBJC_ARC = YES;
				CLANG_ENABLE_OBJC_WEAK = YES;
				CLANG_WARN_BLOCK_CAPTURE_AUTORELEASING = YES;
				CLANG_WARN_BOOL_CONVERSION = YES;
				CLANG_WARN_COMMA = YES;
				CLANG_WARN_CONSTANT_CONVERSION = YES;
				CLANG_WARN_DEPRECATED_OBJC_IMPLEMENTATIONS = YES;
				CLANG_WARN_DIRECT_OBJC_ISA_USAGE = YES_ERROR;
				CLANG_WARN_DOCUMENTATION_COMMENTS = YES;
				CLANG_WARN_EMPTY_BODY = YES;
				CLANG_WARN_ENUM_CONVERSION = YES;
				CLANG_WARN_INFINITE_RECURSION = YES;
				CLANG_WARN_INT_CONVERSION = YES;
				CLANG_WARN_NON_LITERAL_NULL_CONVERSION = YES;
				CLANG_WARN_OBJC_IMPLICIT_RETAIN_SELF = YES;
				CLANG_WARN_OBJC_LITERAL_CONVERSION = YES;
				CLANG_WARN_OBJC_ROOT_CLASS = YES_ERROR;
				CLANG_WARN_QUOTED_INCLUDE_IN_FRAMEWORK_HEADER = YES;
				CLANG_WARN_RANGE_LOOP_ANALYSIS = YES;
				CLANG_WARN_STRICT_PROTOTYPES = YES;
				CLANG_WARN_SUSPICIOUS_MOVE = YES;
				CLANG_WARN_UNGUARDED_AVAILABILITY = YES_AGGRESSIVE;
				CLANG_WARN_UNREACHABLE_CODE = YES;
				CLANG_WARN__DUPLICATE_METHOD_MATCH = YES;
				COPY_PHASE_STRIP = NO;
				DEBUG_INFORMATION_FORMAT = dwarf;
				ENABLE_STRICT_OBJC_MSGSEND = YES;
				ENABLE_TESTABILITY = YES;
				GCC_C_LANGUAGE_STANDARD = gnu11;
				GCC_DYNAMIC_NO_PIC = NO;
				GCC_NO_COMMON_BLOCKS = YES;
				GCC_OPTIMIZATION_LEVEL = 0;
				GCC_PREPROCESSOR_DEFINITIONS = (
					"DEBUG=1",
					"$(inherited)",
				);
				GCC_WARN_64_TO_32_BIT_CONVERSION = YES;
				GCC_WARN_ABOUT_RETURN_TYPE = YES_ERROR;
				GCC_WARN_UNDECLARED_SELECTOR = YES;
				GCC_WARN_UNINITIALIZED_AUTOS = YES_AGGRESSIVE;
				GCC_WARN_UNUSED_FUNCTION = YES;
				GCC_WARN_UNUSED_VARIABLE = YES;
				IPHONEOS_DEPLOYMENT_TARGET = 16.2;
				MTL_ENABLE_DEBUG_INFO = INCLUDE_SOURCE;
				MTL_FAST_MATH = YES;
				ONLY_ACTIVE_ARCH = YES;
				SDKROOT = iphoneos;
				SWIFT_ACTIVE_COMPILATION_CONDITIONS = DEBUG;
				SWIFT_OPTIMIZATION_LEVEL = "-Onone";
			};
			name = Debug;
		};
		64CEF3EA297201DB0030861A /* Release */ = {
			isa = XCBuildConfiguration;
			buildSettings = {
				ALWAYS_SEARCH_USER_PATHS = NO;
				CLANG_ANALYZER_NONNULL = YES;
				CLANG_ANALYZER_NUMBER_OBJECT_CONVERSION = YES_AGGRESSIVE;
				CLANG_CXX_LANGUAGE_STANDARD = "gnu++20";
				CLANG_ENABLE_MODULES = YES;
				CLANG_ENABLE_OBJC_ARC = YES;
				CLANG_ENABLE_OBJC_WEAK = YES;
				CLANG_WARN_BLOCK_CAPTURE_AUTORELEASING = YES;
				CLANG_WARN_BOOL_CONVERSION = YES;
				CLANG_WARN_COMMA = YES;
				CLANG_WARN_CONSTANT_CONVERSION = YES;
				CLANG_WARN_DEPRECATED_OBJC_IMPLEMENTATIONS = YES;
				CLANG_WARN_DIRECT_OBJC_ISA_USAGE = YES_ERROR;
				CLANG_WARN_DOCUMENTATION_COMMENTS = YES;
				CLANG_WARN_EMPTY_BODY = YES;
				CLANG_WARN_ENUM_CONVERSION = YES;
				CLANG_WARN_INFINITE_RECURSION = YES;
				CLANG_WARN_INT_CONVERSION = YES;
				CLANG_WARN_NON_LITERAL_NULL_CONVERSION = YES;
				CLANG_WARN_OBJC_IMPLICIT_RETAIN_SELF = YES;
				CLANG_WARN_OBJC_LITERAL_CONVERSION = YES;
				CLANG_WARN_OBJC_ROOT_CLASS = YES_ERROR;
				CLANG_WARN_QUOTED_INCLUDE_IN_FRAMEWORK_HEADER = YES;
				CLANG_WARN_RANGE_LOOP_ANALYSIS = YES;
				CLANG_WARN_STRICT_PROTOTYPES = YES;
				CLANG_WARN_SUSPICIOUS_MOVE = YES;
				CLANG_WARN_UNGUARDED_AVAILABILITY = YES_AGGRESSIVE;
				CLANG_WARN_UNREACHABLE_CODE = YES;
				CLANG_WARN__DUPLICATE_METHOD_MATCH = YES;
				COPY_PHASE_STRIP = NO;
				DEBUG_INFORMATION_FORMAT = "dwarf-with-dsym";
				ENABLE_NS_ASSERTIONS = NO;
				ENABLE_STRICT_OBJC_MSGSEND = YES;
				GCC_C_LANGUAGE_STANDARD = gnu11;
				GCC_NO_COMMON_BLOCKS = YES;
				GCC_WARN_64_TO_32_BIT_CONVERSION = YES;
				GCC_WARN_ABOUT_RETURN_TYPE = YES_ERROR;
				GCC_WARN_UNDECLARED_SELECTOR = YES;
				GCC_WARN_UNINITIALIZED_AUTOS = YES_AGGRESSIVE;
				GCC_WARN_UNUSED_FUNCTION = YES;
				GCC_WARN_UNUSED_VARIABLE = YES;
				IPHONEOS_DEPLOYMENT_TARGET = 16.2;
				MTL_ENABLE_DEBUG_INFO = NO;
				MTL_FAST_MATH = YES;
				SDKROOT = iphoneos;
				SWIFT_COMPILATION_MODE = wholemodule;
				SWIFT_OPTIMIZATION_LEVEL = "-O";
				VALIDATE_PRODUCT = YES;
			};
			name = Release;
		};
		64CEF3EC297201DB0030861A /* Debug */ = {
			isa = XCBuildConfiguration;
			baseConfigurationReference = A8F4ECF7BF7B3A563ED7749C /* Pods-ios.debug.xcconfig */;
			buildSettings = {
				ASSETCATALOG_COMPILER_APPICON_NAME = AppIcon;
				ASSETCATALOG_COMPILER_GLOBAL_ACCENT_COLOR_NAME = AccentColor;
				CODE_SIGN_STYLE = Automatic;
				CURRENT_PROJECT_VERSION = 1;
				DEVELOPMENT_TEAM = 9DWV8B2452;
				GENERATE_INFOPLIST_FILE = YES;
				INFOPLIST_FILE = ios/Info.plist;
				INFOPLIST_KEY_UIApplicationSupportsIndirectInputEvents = YES;
				INFOPLIST_KEY_UILaunchStoryboardName = LaunchScreen;
				INFOPLIST_KEY_UIMainStoryboardFile = Main;
				INFOPLIST_KEY_UISupportedInterfaceOrientations_iPad = "UIInterfaceOrientationPortrait UIInterfaceOrientationPortraitUpsideDown UIInterfaceOrientationLandscapeLeft UIInterfaceOrientationLandscapeRight";
				INFOPLIST_KEY_UISupportedInterfaceOrientations_iPhone = "UIInterfaceOrientationPortrait UIInterfaceOrientationLandscapeLeft UIInterfaceOrientationLandscapeRight";
				IPHONEOS_DEPLOYMENT_TARGET = 15.0;
				LD_RUNPATH_SEARCH_PATHS = (
					"$(inherited)",
					"@executable_path/Frameworks",
				);
				MARKETING_VERSION = 1.0;
				PRODUCT_BUNDLE_IDENTIFIER = com.pranitharekar.ios.ios;
				PRODUCT_NAME = "$(TARGET_NAME)";
				SWIFT_EMIT_LOC_STRINGS = YES;
				SWIFT_VERSION = 5.0;
				TARGETED_DEVICE_FAMILY = "1,2";
			};
			name = Debug;
		};
		64CEF3ED297201DB0030861A /* Release */ = {
			isa = XCBuildConfiguration;
			baseConfigurationReference = 296CF85C36AEE7394ECCBBA7 /* Pods-ios.release.xcconfig */;
			buildSettings = {
				ASSETCATALOG_COMPILER_APPICON_NAME = AppIcon;
				ASSETCATALOG_COMPILER_GLOBAL_ACCENT_COLOR_NAME = AccentColor;
				CODE_SIGN_STYLE = Automatic;
				CURRENT_PROJECT_VERSION = 1;
				DEVELOPMENT_TEAM = 9DWV8B2452;
				GENERATE_INFOPLIST_FILE = YES;
				INFOPLIST_FILE = ios/Info.plist;
				INFOPLIST_KEY_UIApplicationSupportsIndirectInputEvents = YES;
				INFOPLIST_KEY_UILaunchStoryboardName = LaunchScreen;
				INFOPLIST_KEY_UIMainStoryboardFile = Main;
				INFOPLIST_KEY_UISupportedInterfaceOrientations_iPad = "UIInterfaceOrientationPortrait UIInterfaceOrientationPortraitUpsideDown UIInterfaceOrientationLandscapeLeft UIInterfaceOrientationLandscapeRight";
				INFOPLIST_KEY_UISupportedInterfaceOrientations_iPhone = "UIInterfaceOrientationPortrait UIInterfaceOrientationLandscapeLeft UIInterfaceOrientationLandscapeRight";
				IPHONEOS_DEPLOYMENT_TARGET = 15.0;
				LD_RUNPATH_SEARCH_PATHS = (
					"$(inherited)",
					"@executable_path/Frameworks",
				);
				MARKETING_VERSION = 1.0;
				PRODUCT_BUNDLE_IDENTIFIER = com.pranitharekar.ios.ios;
				PRODUCT_NAME = "$(TARGET_NAME)";
				SWIFT_EMIT_LOC_STRINGS = YES;
				SWIFT_VERSION = 5.0;
				TARGETED_DEVICE_FAMILY = "1,2";
			};
			name = Release;
		};
		64CEF3EF297201DB0030861A /* Debug */ = {
			isa = XCBuildConfiguration;
			baseConfigurationReference = F55E0FEEB836A57DA84ABC82 /* Pods-iosTests.debug.xcconfig */;
			buildSettings = {
				ALWAYS_EMBED_SWIFT_STANDARD_LIBRARIES = YES;
				BUNDLE_LOADER = "$(TEST_HOST)";
				CODE_SIGN_STYLE = Automatic;
				CURRENT_PROJECT_VERSION = 1;
				DEVELOPMENT_TEAM = 9DWV8B2452;
				GENERATE_INFOPLIST_FILE = YES;
				IPHONEOS_DEPLOYMENT_TARGET = 16.2;
				MARKETING_VERSION = 1.0;
				PRODUCT_BUNDLE_IDENTIFIER = com.pranitharekar.ios.iosTests;
				PRODUCT_NAME = "$(TARGET_NAME)";
				SWIFT_EMIT_LOC_STRINGS = NO;
				SWIFT_VERSION = 5.0;
				TARGETED_DEVICE_FAMILY = "1,2";
				TEST_HOST = "$(BUILT_PRODUCTS_DIR)/ios.app/$(BUNDLE_EXECUTABLE_FOLDER_PATH)/ios";
			};
			name = Debug;
		};
		64CEF3F0297201DB0030861A /* Release */ = {
			isa = XCBuildConfiguration;
			baseConfigurationReference = 21EFCDB59CD67C5522A18550 /* Pods-iosTests.release.xcconfig */;
			buildSettings = {
				ALWAYS_EMBED_SWIFT_STANDARD_LIBRARIES = YES;
				BUNDLE_LOADER = "$(TEST_HOST)";
				CODE_SIGN_STYLE = Automatic;
				CURRENT_PROJECT_VERSION = 1;
				DEVELOPMENT_TEAM = 9DWV8B2452;
				GENERATE_INFOPLIST_FILE = YES;
				IPHONEOS_DEPLOYMENT_TARGET = 16.2;
				MARKETING_VERSION = 1.0;
				PRODUCT_BUNDLE_IDENTIFIER = com.pranitharekar.ios.iosTests;
				PRODUCT_NAME = "$(TARGET_NAME)";
				SWIFT_EMIT_LOC_STRINGS = NO;
				SWIFT_VERSION = 5.0;
				TARGETED_DEVICE_FAMILY = "1,2";
				TEST_HOST = "$(BUILT_PRODUCTS_DIR)/ios.app/$(BUNDLE_EXECUTABLE_FOLDER_PATH)/ios";
			};
			name = Release;
		};
		64CEF3F2297201DB0030861A /* Debug */ = {
			isa = XCBuildConfiguration;
			baseConfigurationReference = 5A002F231D617C27BE3B6B58 /* Pods-ios-iosUITests.debug.xcconfig */;
			buildSettings = {
				ALWAYS_EMBED_SWIFT_STANDARD_LIBRARIES = YES;
				CODE_SIGN_STYLE = Automatic;
				CURRENT_PROJECT_VERSION = 1;
				DEVELOPMENT_TEAM = 9DWV8B2452;
				GENERATE_INFOPLIST_FILE = YES;
				MARKETING_VERSION = 1.0;
				PRODUCT_BUNDLE_IDENTIFIER = com.pranitharekar.ios.iosUITests;
				PRODUCT_NAME = "$(TARGET_NAME)";
				SWIFT_EMIT_LOC_STRINGS = NO;
				SWIFT_VERSION = 5.0;
				TARGETED_DEVICE_FAMILY = "1,2";
				TEST_TARGET_NAME = ios;
			};
			name = Debug;
		};
		64CEF3F3297201DB0030861A /* Release */ = {
			isa = XCBuildConfiguration;
			baseConfigurationReference = FA40DD97BD3081CC5AE88E32 /* Pods-ios-iosUITests.release.xcconfig */;
			buildSettings = {
				ALWAYS_EMBED_SWIFT_STANDARD_LIBRARIES = YES;
				CODE_SIGN_STYLE = Automatic;
				CURRENT_PROJECT_VERSION = 1;
				DEVELOPMENT_TEAM = 9DWV8B2452;
				GENERATE_INFOPLIST_FILE = YES;
				MARKETING_VERSION = 1.0;
				PRODUCT_BUNDLE_IDENTIFIER = com.pranitharekar.ios.iosUITests;
				PRODUCT_NAME = "$(TARGET_NAME)";
				SWIFT_EMIT_LOC_STRINGS = NO;
				SWIFT_VERSION = 5.0;
				TARGETED_DEVICE_FAMILY = "1,2";
				TEST_TARGET_NAME = ios;
			};
			name = Release;
		};
/* End XCBuildConfiguration section */

/* Begin XCConfigurationList section */
		64CEF3BC297201D90030861A /* Build configuration list for PBXProject "ios" */ = {
			isa = XCConfigurationList;
			buildConfigurations = (
				64CEF3E9297201DB0030861A /* Debug */,
				64CEF3EA297201DB0030861A /* Release */,
			);
			defaultConfigurationIsVisible = 0;
			defaultConfigurationName = Release;
		};
		64CEF3EB297201DB0030861A /* Build configuration list for PBXNativeTarget "ios" */ = {
			isa = XCConfigurationList;
			buildConfigurations = (
				64CEF3EC297201DB0030861A /* Debug */,
				64CEF3ED297201DB0030861A /* Release */,
			);
			defaultConfigurationIsVisible = 0;
			defaultConfigurationName = Release;
		};
		64CEF3EE297201DB0030861A /* Build configuration list for PBXNativeTarget "iosTests" */ = {
			isa = XCConfigurationList;
			buildConfigurations = (
				64CEF3EF297201DB0030861A /* Debug */,
				64CEF3F0297201DB0030861A /* Release */,
			);
			defaultConfigurationIsVisible = 0;
			defaultConfigurationName = Release;
		};
		64CEF3F1297201DB0030861A /* Build configuration list for PBXNativeTarget "iosUITests" */ = {
			isa = XCConfigurationList;
			buildConfigurations = (
				64CEF3F2297201DB0030861A /* Debug */,
				64CEF3F3297201DB0030861A /* Release */,
			);
			defaultConfigurationIsVisible = 0;
			defaultConfigurationName = Release;
		};
/* End XCConfigurationList section */
	};
	rootObject = 64CEF3B9297201D90030861A /* Project object */;
}
